
Microsoft Visual Studio Solution File, Format Version 12.00
Project("{FAE04EC0-301F-11D3-BF4B-00C04F79EFBC}") = "TappyService.Tests", "TappyService.Tests\TappyService.Tests.csproj", "{3C7E78F7-E7E4-46DF-93FC-40D87E26AEB6}"
EndProject
Global
	GlobalSection(SolutionConfigurationPlatforms) = preSolution
		Debug|Any CPU = Debug|Any CPU
		Release|Any CPU = Release|Any CPU
	EndGlobalSection
	GlobalSection(ProjectConfigurationPlatforms) = postSolution
		{3C7E78F7-E7E4-46DF-93FC-40D87E26AEB6}.Debug|Any CPU.ActiveCfg = Debug|Any CPU
		{3C7E78F7-E7E4-46DF-93FC-40D87E26AEB6}.Debug|Any CPU.Build.0 = Debug|Any CPU
		{3C7E78F7-E7E4-46DF-93FC-40D87E26AEB6}.Release|Any CPU.ActiveCfg = Release|Any CPU
		{3C7E78F7-E7E4-46DF-93FC-40D87E26AEB6}.Release|Any CPU.Build.0 = Release|Any CPU
	EndGlobalSection
EndGlobal
